// !$*UTF8*$!
{
	archiveVersion = 1;
	classes = {
	};
	objectVersion = 50;
	objects = {

/* Begin PBXBuildFile section */
		4FD26AC720EF17B100C053DF /* AppDelegate.swift in Sources */ = {isa = PBXBuildFile; fileRef = 4FD26AC620EF17B100C053DF /* AppDelegate.swift */; };
		4FD26AC920EF17B100C053DF /* ViewController.swift in Sources */ = {isa = PBXBuildFile; fileRef = 4FD26AC820EF17B100C053DF /* ViewController.swift */; };
		4FD26ACC20EF17B100C053DF /* Main.storyboard in Resources */ = {isa = PBXBuildFile; fileRef = 4FD26ACA20EF17B100C053DF /* Main.storyboard */; };
		4FD26ACE20EF17B200C053DF /* Assets.xcassets in Resources */ = {isa = PBXBuildFile; fileRef = 4FD26ACD20EF17B200C053DF /* Assets.xcassets */; };
		4FD26AD120EF17B200C053DF /* LaunchScreen.storyboard in Resources */ = {isa = PBXBuildFile; fileRef = 4FD26ACF20EF17B200C053DF /* LaunchScreen.storyboard */; };
		4FD26ADC20EF17B200C053DF /* Slot_MachineTests.swift in Sources */ = {isa = PBXBuildFile; fileRef = 4FD26ADB20EF17B200C053DF /* Slot_MachineTests.swift */; };
		4FD26AE720EF17B200C053DF /* Slot_MachineUITests.swift in Sources */ = {isa = PBXBuildFile; fileRef = 4FD26AE620EF17B200C053DF /* Slot_MachineUITests.swift */; };
		4FD8FEB220EF1DEC00E6D729 /* Card.swift in Sources */ = {isa = PBXBuildFile; fileRef = 4FD8FEB120EF1DEC00E6D729 /* Card.swift */; };
		4FD8FEB420EF1FD100E6D729 /* DeckOfCards.swift in Sources */ = {isa = PBXBuildFile; fileRef = 4FD8FEB320EF1FD100E6D729 /* DeckOfCards.swift */; };
		4FD8FEB620EF23D000E6D729 /* BlackJackViewController.swift in Sources */ = {isa = PBXBuildFile; fileRef = 4FD8FEB520EF23D000E6D729 /* BlackJackViewController.swift */; };
		4FD8FEF220F1D57300E6D729 /* SecondViewController.swift in Sources */ = {isa = PBXBuildFile; fileRef = 4FD8FEF120F1D57300E6D729 /* SecondViewController.swift */; };
/* End PBXBuildFile section */

/* Begin PBXContainerItemProxy section */
		4FD26AD820EF17B200C053DF /* PBXContainerItemProxy */ = {
			isa = PBXContainerItemProxy;
			containerPortal = 4FD26ABB20EF17B100C053DF /* Project object */;
			proxyType = 1;
			remoteGlobalIDString = 4FD26AC220EF17B100C053DF;
			remoteInfo = "Slot Machine";
		};
		4FD26AE320EF17B200C053DF /* PBXContainerItemProxy */ = {
			isa = PBXContainerItemProxy;
			containerPortal = 4FD26ABB20EF17B100C053DF /* Project object */;
			proxyType = 1;
			remoteGlobalIDString = 4FD26AC220EF17B100C053DF;
			remoteInfo = "Slot Machine";
		};
/* End PBXContainerItemProxy section */

/* Begin PBXFileReference section */
		4FD26AC320EF17B100C053DF /* Slot Machine.app */ = {isa = PBXFileReference; explicitFileType = wrapper.application; includeInIndex = 0; path = "Slot Machine.app"; sourceTree = BUILT_PRODUCTS_DIR; };
		4FD26AC620EF17B100C053DF /* AppDelegate.swift */ = {isa = PBXFileReference; lastKnownFileType = sourcecode.swift; path = AppDelegate.swift; sourceTree = "<group>"; };
		4FD26AC820EF17B100C053DF /* ViewController.swift */ = {isa = PBXFileReference; lastKnownFileType = sourcecode.swift; path = ViewController.swift; sourceTree = "<group>"; };
		4FD26ACB20EF17B100C053DF /* Base */ = {isa = PBXFileReference; lastKnownFileType = file.storyboard; name = Base; path = Base.lproj/Main.storyboard; sourceTree = "<group>"; };
		4FD26ACD20EF17B200C053DF /* Assets.xcassets */ = {isa = PBXFileReference; lastKnownFileType = folder.assetcatalog; path = Assets.xcassets; sourceTree = "<group>"; };
		4FD26AD020EF17B200C053DF /* Base */ = {isa = PBXFileReference; lastKnownFileType = file.storyboard; name = Base; path = Base.lproj/LaunchScreen.storyboard; sourceTree = "<group>"; };
		4FD26AD220EF17B200C053DF /* Info.plist */ = {isa = PBXFileReference; lastKnownFileType = text.plist.xml; path = Info.plist; sourceTree = "<group>"; };
		4FD26AD720EF17B200C053DF /* Slot MachineTests.xctest */ = {isa = PBXFileReference; explicitFileType = wrapper.cfbundle; includeInIndex = 0; path = "Slot MachineTests.xctest"; sourceTree = BUILT_PRODUCTS_DIR; };
		4FD26ADB20EF17B200C053DF /* Slot_MachineTests.swift */ = {isa = PBXFileReference; lastKnownFileType = sourcecode.swift; path = Slot_MachineTests.swift; sourceTree = "<group>"; };
		4FD26ADD20EF17B200C053DF /* Info.plist */ = {isa = PBXFileReference; lastKnownFileType = text.plist.xml; path = Info.plist; sourceTree = "<group>"; };
		4FD26AE220EF17B200C053DF /* Slot MachineUITests.xctest */ = {isa = PBXFileReference; explicitFileType = wrapper.cfbundle; includeInIndex = 0; path = "Slot MachineUITests.xctest"; sourceTree = BUILT_PRODUCTS_DIR; };
		4FD26AE620EF17B200C053DF /* Slot_MachineUITests.swift */ = {isa = PBXFileReference; lastKnownFileType = sourcecode.swift; path = Slot_MachineUITests.swift; sourceTree = "<group>"; };
		4FD26AE820EF17B200C053DF /* Info.plist */ = {isa = PBXFileReference; lastKnownFileType = text.plist.xml; path = Info.plist; sourceTree = "<group>"; };
		4FD8FEB120EF1DEC00E6D729 /* Card.swift */ = {isa = PBXFileReference; lastKnownFileType = sourcecode.swift; path = Card.swift; sourceTree = "<group>"; };
		4FD8FEB320EF1FD100E6D729 /* DeckOfCards.swift */ = {isa = PBXFileReference; lastKnownFileType = sourcecode.swift; path = DeckOfCards.swift; sourceTree = "<group>"; };
		4FD8FEB520EF23D000E6D729 /* BlackJackViewController.swift */ = {isa = PBXFileReference; lastKnownFileType = sourcecode.swift; path = BlackJackViewController.swift; sourceTree = "<group>"; };
		4FD8FEF120F1D57300E6D729 /* SecondViewController.swift */ = {isa = PBXFileReference; lastKnownFileType = sourcecode.swift; path = SecondViewController.swift; sourceTree = "<group>"; };
/* End PBXFileReference section */

/* Begin PBXFrameworksBuildPhase section */
		4FD26AC020EF17B100C053DF /* Frameworks */ = {
			isa = PBXFrameworksBuildPhase;
			buildActionMask = 2147483647;
			files = (
			);
			runOnlyForDeploymentPostprocessing = 0;
		};
		4FD26AD420EF17B200C053DF /* Frameworks */ = {
			isa = PBXFrameworksBuildPhase;
			buildActionMask = 2147483647;
			files = (
			);
			runOnlyForDeploymentPostprocessing = 0;
		};
		4FD26ADF20EF17B200C053DF /* Frameworks */ = {
			isa = PBXFrameworksBuildPhase;
			buildActionMask = 2147483647;
			files = (
			);
			runOnlyForDeploymentPostprocessing = 0;
		};
/* End PBXFrameworksBuildPhase section */

/* Begin PBXGroup section */
		4FD26ABA20EF17B100C053DF = {
			isa = PBXGroup;
			children = (
				4FD26AC520EF17B100C053DF /* Slot Machine */,
				4FD26ADA20EF17B200C053DF /* Slot MachineTests */,
				4FD26AE520EF17B200C053DF /* Slot MachineUITests */,
				4FD26AC420EF17B100C053DF /* Products */,
			);
			sourceTree = "<group>";
		};
		4FD26AC420EF17B100C053DF /* Products */ = {
			isa = PBXGroup;
			children = (
				4FD26AC320EF17B100C053DF /* Slot Machine.app */,
				4FD26AD720EF17B200C053DF /* Slot MachineTests.xctest */,
				4FD26AE220EF17B200C053DF /* Slot MachineUITests.xctest */,
			);
			name = Products;
			sourceTree = "<group>";
		};
		4FD26AC520EF17B100C053DF /* Slot Machine */ = {
			isa = PBXGroup;
			children = (
				4FD26AC620EF17B100C053DF /* AppDelegate.swift */,
				4FD26AC820EF17B100C053DF /* ViewController.swift */,
				4FD8FEF120F1D57300E6D729 /* SecondViewController.swift */,
				4FD26ACA20EF17B100C053DF /* Main.storyboard */,
				4FD8FEB520EF23D000E6D729 /* BlackJackViewController.swift */,
				4FD8FEB120EF1DEC00E6D729 /* Card.swift */,
				4FD8FEB320EF1FD100E6D729 /* DeckOfCards.swift */,
				4FD26ACD20EF17B200C053DF /* Assets.xcassets */,
				4FD26ACF20EF17B200C053DF /* LaunchScreen.storyboard */,
				4FD26AD220EF17B200C053DF /* Info.plist */,
			);
			path = "Slot Machine";
			sourceTree = "<group>";
		};
		4FD26ADA20EF17B200C053DF /* Slot MachineTests */ = {
			isa = PBXGroup;
			children = (
				4FD26ADB20EF17B200C053DF /* Slot_MachineTests.swift */,
				4FD26ADD20EF17B200C053DF /* Info.plist */,
			);
			path = "Slot MachineTests";
			sourceTree = "<group>";
		};
		4FD26AE520EF17B200C053DF /* Slot MachineUITests */ = {
			isa = PBXGroup;
			children = (
				4FD26AE620EF17B200C053DF /* Slot_MachineUITests.swift */,
				4FD26AE820EF17B200C053DF /* Info.plist */,
			);
			path = "Slot MachineUITests";
			sourceTree = "<group>";
		};
/* End PBXGroup section */

/* Begin PBXNativeTarget section */
		4FD26AC220EF17B100C053DF /* Slot Machine */ = {
			isa = PBXNativeTarget;
			buildConfigurationList = 4FD26AEB20EF17B200C053DF /* Build configuration list for PBXNativeTarget "Slot Machine" */;
			buildPhases = (
				4FD26ABF20EF17B100C053DF /* Sources */,
				4FD26AC020EF17B100C053DF /* Frameworks */,
				4FD26AC120EF17B100C053DF /* Resources */,
			);
			buildRules = (
			);
			dependencies = (
			);
			name = "Slot Machine";
			productName = "Slot Machine";
			productReference = 4FD26AC320EF17B100C053DF /* Slot Machine.app */;
			productType = "com.apple.product-type.application";
		};
		4FD26AD620EF17B200C053DF /* Slot MachineTests */ = {
			isa = PBXNativeTarget;
			buildConfigurationList = 4FD26AEE20EF17B200C053DF /* Build configuration list for PBXNativeTarget "Slot MachineTests" */;
			buildPhases = (
				4FD26AD320EF17B200C053DF /* Sources */,
				4FD26AD420EF17B200C053DF /* Frameworks */,
				4FD26AD520EF17B200C053DF /* Resources */,
			);
			buildRules = (
			);
			dependencies = (
				4FD26AD920EF17B200C053DF /* PBXTargetDependency */,
			);
			name = "Slot MachineTests";
			productName = "Slot MachineTests";
			productReference = 4FD26AD720EF17B200C053DF /* Slot MachineTests.xctest */;
			productType = "com.apple.product-type.bundle.unit-test";
		};
		4FD26AE120EF17B200C053DF /* Slot MachineUITests */ = {
			isa = PBXNativeTarget;
			buildConfigurationList = 4FD26AF120EF17B200C053DF /* Build configuration list for PBXNativeTarget "Slot MachineUITests" */;
			buildPhases = (
				4FD26ADE20EF17B200C053DF /* Sources */,
				4FD26ADF20EF17B200C053DF /* Frameworks */,
				4FD26AE020EF17B200C053DF /* Resources */,
			);
			buildRules = (
			);
			dependencies = (
				4FD26AE420EF17B200C053DF /* PBXTargetDependency */,
			);
			name = "Slot MachineUITests";
			productName = "Slot MachineUITests";
			productReference = 4FD26AE220EF17B200C053DF /* Slot MachineUITests.xctest */;
			productType = "com.apple.product-type.bundle.ui-testing";
		};
/* End PBXNativeTarget section */

/* Begin PBXProject section */
		4FD26ABB20EF17B100C053DF /* Project object */ = {
			isa = PBXProject;
			attributes = {
				LastSwiftUpdateCheck = 0940;
				LastUpgradeCheck = 0940;
				ORGANIZATIONNAME = "Noah Rubin";
				TargetAttributes = {
					4FD26AC220EF17B100C053DF = {
						CreatedOnToolsVersion = 9.4.1;
					};
					4FD26AD620EF17B200C053DF = {
						CreatedOnToolsVersion = 9.4.1;
						TestTargetID = 4FD26AC220EF17B100C053DF;
					};
					4FD26AE120EF17B200C053DF = {
						CreatedOnToolsVersion = 9.4.1;
						TestTargetID = 4FD26AC220EF17B100C053DF;
					};
				};
			};
			buildConfigurationList = 4FD26ABE20EF17B100C053DF /* Build configuration list for PBXProject "Slot Machine" */;
			compatibilityVersion = "Xcode 9.3";
			developmentRegion = en;
			hasScannedForEncodings = 0;
			knownRegions = (
				en,
				Base,
			);
			mainGroup = 4FD26ABA20EF17B100C053DF;
			productRefGroup = 4FD26AC420EF17B100C053DF /* Products */;
			projectDirPath = "";
			projectRoot = "";
			targets = (
				4FD26AC220EF17B100C053DF /* Slot Machine */,
				4FD26AD620EF17B200C053DF /* Slot MachineTests */,
				4FD26AE120EF17B200C053DF /* Slot MachineUITests */,
			);
		};
/* End PBXProject section */

/* Begin PBXResourcesBuildPhase section */
		4FD26AC120EF17B100C053DF /* Resources */ = {
			isa = PBXResourcesBuildPhase;
			buildActionMask = 2147483647;
			files = (
				4FD26AD120EF17B200C053DF /* LaunchScreen.storyboard in Resources */,
				4FD26ACE20EF17B200C053DF /* Assets.xcassets in Resources */,
				4FD26ACC20EF17B100C053DF /* Main.storyboard in Resources */,
			);
			runOnlyForDeploymentPostprocessing = 0;
		};
		4FD26AD520EF17B200C053DF /* Resources */ = {
			isa = PBXResourcesBuildPhase;
			buildActionMask = 2147483647;
			files = (
			);
			runOnlyForDeploymentPostprocessing = 0;
		};
		4FD26AE020EF17B200C053DF /* Resources */ = {
			isa = PBXResourcesBuildPhase;
			buildActionMask = 2147483647;
			files = (
			);
			runOnlyForDeploymentPostprocessing = 0;
		};
/* End PBXResourcesBuildPhase section */

/* Begin PBXSourcesBuildPhase section */
		4FD26ABF20EF17B100C053DF /* Sources */ = {
			isa = PBXSourcesBuildPhase;
			buildActionMask = 2147483647;
			files = (
				4FD8FEF220F1D57300E6D729 /* SecondViewController.swift in Sources */,
				4FD26AC920EF17B100C053DF /* ViewController.swift in Sources */,
				4FD8FEB620EF23D000E6D729 /* BlackJackViewController.swift in Sources */,
				4FD8FEB420EF1FD100E6D729 /* DeckOfCards.swift in Sources */,
				4FD8FEB220EF1DEC00E6D729 /* Card.swift in Sources */,
				4FD26AC720EF17B100C053DF /* AppDelegate.swift in Sources */,
			);
			runOnlyForDeploymentPostprocessing = 0;
		};
		4FD26AD320EF17B200C053DF /* Sources */ = {
			isa = PBXSourcesBuildPhase;
			buildActionMask = 2147483647;
			files = (
				4FD26ADC20EF17B200C053DF /* Slot_MachineTests.swift in Sources */,
			);
			runOnlyForDeploymentPostprocessing = 0;
		};
		4FD26ADE20EF17B200C053DF /* Sources */ = {
			isa = PBXSourcesBuildPhase;
			buildActionMask = 2147483647;
			files = (
				4FD26AE720EF17B200C053DF /* Slot_MachineUITests.swift in Sources */,
			);
			runOnlyForDeploymentPostprocessing = 0;
		};
/* End PBXSourcesBuildPhase section */

/* Begin PBXTargetDependency section */
		4FD26AD920EF17B200C053DF /* PBXTargetDependency */ = {
			isa = PBXTargetDependency;
			target = 4FD26AC220EF17B100C053DF /* Slot Machine */;
			targetProxy = 4FD26AD820EF17B200C053DF /* PBXContainerItemProxy */;
		};
		4FD26AE420EF17B200C053DF /* PBXTargetDependency */ = {
			isa = PBXTargetDependency;
			target = 4FD26AC220EF17B100C053DF /* Slot Machine */;
			targetProxy = 4FD26AE320EF17B200C053DF /* PBXContainerItemProxy */;
		};
/* End PBXTargetDependency section */

/* Begin PBXVariantGroup section */
		4FD26ACA20EF17B100C053DF /* Main.storyboard */ = {
			isa = PBXVariantGroup;
			children = (
				4FD26ACB20EF17B100C053DF /* Base */,
			);
			name = Main.storyboard;
			sourceTree = "<group>";
		};
		4FD26ACF20EF17B200C053DF /* LaunchScreen.storyboard */ = {
			isa = PBXVariantGroup;
			children = (
				4FD26AD020EF17B200C053DF /* Base */,
			);
			name = LaunchScreen.storyboard;
			sourceTree = "<group>";
		};
/* End PBXVariantGroup section */

/* Begin XCBuildConfiguration section */
		4FD26AE920EF17B200C053DF /* Debug */ = {
			isa = XCBuildConfiguration;
			buildSettings = {
				ALWAYS_SEARCH_USER_PATHS = NO;
				CLANG_ANALYZER_NONNULL = YES;
				CLANG_ANALYZER_NUMBER_OBJECT_CONVERSION = YES_AGGRESSIVE;
				CLANG_CXX_LANGUAGE_STANDARD = "gnu++14";
				CLANG_CXX_LIBRARY = "libc++";
				CLANG_ENABLE_MODULES = YES;
				CLANG_ENABLE_OBJC_ARC = YES;
				CLANG_ENABLE_OBJC_WEAK = YES;
				CLANG_WARN_BLOCK_CAPTURE_AUTORELEASING = YES;
				CLANG_WARN_BOOL_CONVERSION = YES;
				CLANG_WARN_COMMA = YES;
				CLANG_WARN_CONSTANT_CONVERSION = YES;
				CLANG_WARN_DEPRECATED_OBJC_IMPLEMENTATIONS = YES;
				CLANG_WARN_DIRECT_OBJC_ISA_USAGE = YES_ERROR;
				CLANG_WARN_DOCUMENTATION_COMMENTS = YES;
				CLANG_WARN_EMPTY_BODY = YES;
				CLANG_WARN_ENUM_CONVERSION = YES;
				CLANG_WARN_INFINITE_RECURSION = YES;
				CLANG_WARN_INT_CONVERSION = YES;
				CLANG_WARN_NON_LITERAL_NULL_CONVERSION = YES;
				CLANG_WARN_OBJC_IMPLICIT_RETAIN_SELF = YES;
				CLANG_WARN_OBJC_LITERAL_CONVERSION = YES;
				CLANG_WARN_OBJC_ROOT_CLASS = YES_ERROR;
				CLANG_WARN_RANGE_LOOP_ANALYSIS = YES;
				CLANG_WARN_STRICT_PROTOTYPES = YES;
				CLANG_WARN_SUSPICIOUS_MOVE = YES;
				CLANG_WARN_UNGUARDED_AVAILABILITY = YES_AGGRESSIVE;
				CLANG_WARN_UNREACHABLE_CODE = YES;
				CLANG_WARN__DUPLICATE_METHOD_MATCH = YES;
				CODE_SIGN_IDENTITY = "iPhone Developer";
				COPY_PHASE_STRIP = NO;
				DEBUG_INFORMATION_FORMAT = dwarf;
				ENABLE_STRICT_OBJC_MSGSEND = YES;
				ENABLE_TESTABILITY = YES;
				GCC_C_LANGUAGE_STANDARD = gnu11;
				GCC_DYNAMIC_NO_PIC = NO;
				GCC_NO_COMMON_BLOCKS = YES;
				GCC_OPTIMIZATION_LEVEL = 0;
				GCC_PREPROCESSOR_DEFINITIONS = (
					"DEBUG=1",
					"$(inherited)",
				);
				GCC_WARN_64_TO_32_BIT_CONVERSION = YES;
				GCC_WARN_ABOUT_RETURN_TYPE = YES_ERROR;
				GCC_WARN_UNDECLARED_SELECTOR = YES;
				GCC_WARN_UNINITIALIZED_AUTOS = YES_AGGRESSIVE;
				GCC_WARN_UNUSED_FUNCTION = YES;
				GCC_WARN_UNUSED_VARIABLE = YES;
				IPHONEOS_DEPLOYMENT_TARGET = 11.4;
				MTL_ENABLE_DEBUG_INFO = YES;
				ONLY_ACTIVE_ARCH = YES;
				SDKROOT = iphoneos;
				SWIFT_ACTIVE_COMPILATION_CONDITIONS = DEBUG;
				SWIFT_OPTIMIZATION_LEVEL = "-Onone";
			};
			name = Debug;
		};
		4FD26AEA20EF17B200C053DF /* Release */ = {
			isa = XCBuildConfiguration;
			buildSettings = {
				ALWAYS_SEARCH_USER_PATHS = NO;
				CLANG_ANALYZER_NONNULL = YES;
				CLANG_ANALYZER_NUMBER_OBJECT_CONVERSION = YES_AGGRESSIVE;
				CLANG_CXX_LANGUAGE_STANDARD = "gnu++14";
				CLANG_CXX_LIBRARY = "libc++";
				CLANG_ENABLE_MODULES = YES;
				CLANG_ENABLE_OBJC_ARC = YES;
				CLANG_ENABLE_OBJC_WEAK = YES;
				CLANG_WARN_BLOCK_CAPTURE_AUTORELEASING = YES;
				CLANG_WARN_BOOL_CONVERSION = YES;
				CLANG_WARN_COMMA = YES;
				CLANG_WARN_CONSTANT_CONVERSION = YES;
				CLANG_WARN_DEPRECATED_OBJC_IMPLEMENTATIONS = YES;
				CLANG_WARN_DIRECT_OBJC_ISA_USAGE = YES_ERROR;
				CLANG_WARN_DOCUMENTATION_COMMENTS = YES;
				CLANG_WARN_EMPTY_BODY = YES;
				CLANG_WARN_ENUM_CONVERSION = YES;
				CLANG_WARN_INFINITE_RECURSION = YES;
				CLANG_WARN_INT_CONVERSION = YES;
				CLANG_WARN_NON_LITERAL_NULL_CONVERSION = YES;
				CLANG_WARN_OBJC_IMPLICIT_RETAIN_SELF = YES;
				CLANG_WARN_OBJC_LITERAL_CONVERSION = YES;
				CLANG_WARN_OBJC_ROOT_CLASS = YES_ERROR;
				CLANG_WARN_RANGE_LOOP_ANALYSIS = YES;
				CLANG_WARN_STRICT_PROTOTYPES = YES;
				CLANG_WARN_SUSPICIOUS_MOVE = YES;
				CLANG_WARN_UNGUARDED_AVAILABILITY = YES_AGGRESSIVE;
				CLANG_WARN_UNREACHABLE_CODE = YES;
				CLANG_WARN__DUPLICATE_METHOD_MATCH = YES;
				CODE_SIGN_IDENTITY = "iPhone Developer";
				COPY_PHASE_STRIP = NO;
				DEBUG_INFORMATION_FORMAT = "dwarf-with-dsym";
				ENABLE_NS_ASSERTIONS = NO;
				ENABLE_STRICT_OBJC_MSGSEND = YES;
				GCC_C_LANGUAGE_STANDARD = gnu11;
				GCC_NO_COMMON_BLOCKS = YES;
				GCC_WARN_64_TO_32_BIT_CONVERSION = YES;
				GCC_WARN_ABOUT_RETURN_TYPE = YES_ERROR;
				GCC_WARN_UNDECLARED_SELECTOR = YES;
				GCC_WARN_UNINITIALIZED_AUTOS = YES_AGGRESSIVE;
				GCC_WARN_UNUSED_FUNCTION = YES;
				GCC_WARN_UNUSED_VARIABLE = YES;
				IPHONEOS_DEPLOYMENT_TARGET = 11.4;
				MTL_ENABLE_DEBUG_INFO = NO;
				SDKROOT = iphoneos;
				SWIFT_COMPILATION_MODE = wholemodule;
				SWIFT_OPTIMIZATION_LEVEL = "-O";
				VALIDATE_PRODUCT = YES;
			};
			name = Release;
		};
		4FD26AEC20EF17B200C053DF /* Debug */ = {
			isa = XCBuildConfiguration;
			buildSettings = {
				ASSETCATALOG_COMPILER_APPICON_NAME = AppIcon;
				CODE_SIGN_STYLE = Automatic;
				DEVELOPMENT_TEAM = 4HNR6Y8RAD;
				INFOPLIST_FILE = "Slot Machine/Info.plist";
				LD_RUNPATH_SEARCH_PATHS = (
					"$(inherited)",
					"@executable_path/Frameworks",
				);
				PRODUCT_BUNDLE_IDENTIFIER = "Noah-G-Rubin.Slot-Machine";
				PRODUCT_NAME = "$(TARGET_NAME)";
				SWIFT_VERSION = 4.0;
				TARGETED_DEVICE_FAMILY = "1,2";
			};
			name = Debug;
		};
		4FD26AED20EF17B200C053DF /* Release */ = {
			isa = XCBuildConfiguration;
			buildSettings = {
				ASSETCATALOG_COMPILER_APPICON_NAME = AppIcon;
				CODE_SIGN_STYLE = Automatic;
				DEVELOPMENT_TEAM = 4HNR6Y8RAD;
				INFOPLIST_FILE = "Slot Machine/Info.plist";
				LD_RUNPATH_SEARCH_PATHS = (
					"$(inherited)",
					"@executable_path/Frameworks",
				);
				PRODUCT_BUNDLE_IDENTIFIER = "Noah-G-Rubin.Slot-Machine";
				PRODUCT_NAME = "$(TARGET_NAME)";
				SWIFT_VERSION = 4.0;
				TARGETED_DEVICE_FAMILY = "1,2";
			};
			name = Release;
		};
		4FD26AEF20EF17B200C053DF /* Debug */ = {
			isa = XCBuildConfiguration;
			buildSettings = {
				ALWAYS_EMBED_SWIFT_STANDARD_LIBRARIES = YES;
				BUNDLE_LOADER = "$(TEST_HOST)";
				CODE_SIGN_STYLE = Automatic;
				DEVELOPMENT_TEAM = P4ZD4APHU4;
				INFOPLIST_FILE = "Slot MachineTests/Info.plist";
				LD_RUNPATH_SEARCH_PATHS = (
					"$(inherited)",
					"@executable_path/Frameworks",
					"@loader_path/Frameworks",
				);
				PRODUCT_BUNDLE_IDENTIFIER = "Noah-Rubin.Slot-MachineTests";
				PRODUCT_NAME = "$(TARGET_NAME)";
				SWIFT_VERSION = 4.0;
				TARGETED_DEVICE_FAMILY = "1,2";
				TEST_HOST = "$(BUILT_PRODUCTS_DIR)/Slot Machine.app/Slot Machine";
			};
			name = Debug;
		};
		4FD26AF020EF17B200C053DF /* Release */ = {
			isa = XCBuildConfiguration;
			buildSettings = {
				ALWAYS_EMBED_SWIFT_STANDARD_LIBRARIES = YES;
				BUNDLE_LOADER = "$(TEST_HOST)";
				CODE_SIGN_STYLE = Automatic;
				DEVELOPMENT_TEAM = P4ZD4APHU4;
				INFOPLIST_FILE = "Slot MachineTests/Info.plist";
				LD_RUNPATH_SEARCH_PATHS = (
					"$(inherited)",
					"@executable_path/Frameworks",
					"@loader_path/Frameworks",
				);
				PRODUCT_BUNDLE_IDENTIFIER = "Noah-Rubin.Slot-MachineTests";
				PRODUCT_NAME = "$(TARGET_NAME)";
				SWIFT_VERSION = 4.0;
				TARGETED_DEVICE_FAMILY = "1,2";
				TEST_HOST = "$(BUILT_PRODUCTS_DIR)/Slot Machine.app/Slot Machine";
			};
			name = Release;
		};
		4FD26AF220EF17B200C053DF /* Debug */ = {
			isa = XCBuildConfiguration;
			buildSettings = {
				ALWAYS_EMBED_SWIFT_STANDARD_LIBRARIES = YES;
				CODE_SIGN_STYLE = Automatic;
				DEVELOPMENT_TEAM = P4ZD4APHU4;
				INFOPLIST_FILE = "Slot MachineUITests/Info.plist";
				LD_RUNPATH_SEARCH_PATHS = (
					"$(inherited)",
					"@executable_path/Frameworks",
					"@loader_path/Frameworks",
				);
				PRODUCT_BUNDLE_IDENTIFIER = "Noah-Rubin.Slot-MachineUITests";
				PRODUCT_NAME = "$(TARGET_NAME)";
				SWIFT_VERSION = 4.0;
				TARGETED_DEVICE_FAMILY = "1,2";
				TEST_TARGET_NAME = "Slot Machine";
			};
			name = Debug;
		};
		4FD26AF320EF17B200C053DF /* Release */ = {
			isa = XCBuildConfiguration;
			buildSettings = {
				ALWAYS_EMBED_SWIFT_STANDARD_LIBRARIES = YES;
				CODE_SIGN_STYLE = Automatic;
				DEVELOPMENT_TEAM = P4ZD4APHU4;
				INFOPLIST_FILE = "Slot MachineUITests/Info.plist";
				LD_RUNPATH_SEARCH_PATHS = (
					"$(inherited)",
					"@executable_path/Frameworks",
					"@loader_path/Frameworks",
				);
				PRODUCT_BUNDLE_IDENTIFIER = "Noah-Rubin.Slot-MachineUITests";
				PRODUCT_NAME = "$(TARGET_NAME)";
				SWIFT_VERSION = 4.0;
				TARGETED_DEVICE_FAMILY = "1,2";
				TEST_TARGET_NAME = "Slot Machine";
			};
			name = Release;
		};
/* End XCBuildConfiguration section */

/* Begin XCConfigurationList section */
		4FD26ABE20EF17B100C053DF /* Build configuration list for PBXProject "Slot Machine" */ = {
			isa = XCConfigurationList;
			buildConfigurations = (
				4FD26AE920EF17B200C053DF /* Debug */,
				4FD26AEA20EF17B200C053DF /* Release */,
			);
			defaultConfigurationIsVisible = 0;
			defaultConfigurationName = Release;
		};
		4FD26AEB20EF17B200C053DF /* Build configuration list for PBXNativeTarget "Slot Machine" */ = {
			isa = XCConfigurationList;
			buildConfigurations = (
				4FD26AEC20EF17B200C053DF /* Debug */,
				4FD26AED20EF17B200C053DF /* Release */,
			);
			defaultConfigurationIsVisible = 0;
			defaultConfigurationName = Release;
		};
		4FD26AEE20EF17B200C053DF /* Build configuration list for PBXNativeTarget "Slot MachineTests" */ = {
			isa = XCConfigurationList;
			buildConfigurations = (
				4FD26AEF20EF17B200C053DF /* Debug */,
				4FD26AF020EF17B200C053DF /* Release */,
			);
			defaultConfigurationIsVisible = 0;
			defaultConfigurationName = Release;
		};
		4FD26AF120EF17B200C053DF /* Build configuration list for PBXNativeTarget "Slot MachineUITests" */ = {
			isa = XCConfigurationList;
			buildConfigurations = (
				4FD26AF220EF17B200C053DF /* Debug */,
				4FD26AF320EF17B200C053DF /* Release */,
			);
			defaultConfigurationIsVisible = 0;
			defaultConfigurationName = Release;
		};
/* End XCConfigurationList section */
	};
	rootObject = 4FD26ABB20EF17B100C053DF /* Project object */;
}
